
Microsoft Visual Studio Solution File, Format Version 12.00
# Visual Studio 2013
VisualStudioVersion = 12.0.31101.0
MinimumVisualStudioVersion = 10.0.40219.1
Project("{FAE04EC0-301F-11D3-BF4B-00C04F79EFBC}") = "KinectPiPi", "KinectPiPi.csproj", "{0F1C5C5F-16C4-4E7B-A1B6-0E232CE29C4C}"
EndProject
Global
	GlobalSection(SolutionConfigurationPlatforms) = preSolution
		Bin|Any CPU = Bin|Any CPU
	EndGlobalSection
	GlobalSection(ProjectConfigurationPlatforms) = postSolution
		{0F1C5C5F-16C4-4E7B-A1B6-0E232CE29C4C}.Bin|Any CPU.ActiveCfg = Bin|Any CPU
		{0F1C5C5F-16C4-4E7B-A1B6-0E232CE29C4C}.Bin|Any CPU.Build.0 = Bin|Any CPU
	EndGlobalSection
	GlobalSection(SolutionProperties) = preSolution
		HideSolutionNode = FALSE
	EndGlobalSection
EndGlobal
